// !$*UTF8*$!
{
	archiveVersion = 1;
	classes = {
	};
	objectVersion = 48;
	objects = {

/* Begin PBXBuildFile section */
		573EC93E1BD4F508B2CEE964 /* Pods_CASControlsTests.framework in Frameworks */ = {isa = PBXBuildFile; fileRef = ECECFDA085DDA19D5454790D /* Pods_CASControlsTests.framework */; };
		921FBC3C7DF9DA3485F30F80 /* Pods_CASControlsUITests.framework in Frameworks */ = {isa = PBXBuildFile; fileRef = CF7681CAF88714A8B30DE8D9 /* Pods_CASControlsUITests.framework */; };
		EF8CB364206F60600015CFB8 /* CASCheckBoxListView.swift in Sources */ = {isa = PBXBuildFile; fileRef = EF8CB363206F60600015CFB8 /* CASCheckBoxListView.swift */; };
		EF8CB366207107B80015CFB8 /* CASCommon.swift in Sources */ = {isa = PBXBuildFile; fileRef = EF8CB365207107B80015CFB8 /* CASCommon.swift */; };
		EFF3B353206B94E300CCB03A /* AppDelegate.swift in Sources */ = {isa = PBXBuildFile; fileRef = EFF3B352206B94E300CCB03A /* AppDelegate.swift */; };
		EFF3B355206B94E300CCB03A /* ViewController.swift in Sources */ = {isa = PBXBuildFile; fileRef = EFF3B354206B94E300CCB03A /* ViewController.swift */; };
		EFF3B358206B94E300CCB03A /* Main.storyboard in Resources */ = {isa = PBXBuildFile; fileRef = EFF3B356206B94E300CCB03A /* Main.storyboard */; };
		EFF3B35A206B94E300CCB03A /* Assets.xcassets in Resources */ = {isa = PBXBuildFile; fileRef = EFF3B359206B94E300CCB03A /* Assets.xcassets */; };
		EFF3B35D206B94E300CCB03A /* LaunchScreen.storyboard in Resources */ = {isa = PBXBuildFile; fileRef = EFF3B35B206B94E300CCB03A /* LaunchScreen.storyboard */; };
		EFF3B368206B94E300CCB03A /* CASControlsTests.swift in Sources */ = {isa = PBXBuildFile; fileRef = EFF3B367206B94E300CCB03A /* CASControlsTests.swift */; };
		EFF3B373206B94E300CCB03A /* CASControlsUITests.swift in Sources */ = {isa = PBXBuildFile; fileRef = EFF3B372206B94E300CCB03A /* CASControlsUITests.swift */; };
		EFF3B382206B94FD00CCB03A /* CASMenuListView.swift in Sources */ = {isa = PBXBuildFile; fileRef = EFF3B380206B94FC00CCB03A /* CASMenuListView.swift */; };
		EFF3B383206B94FD00CCB03A /* CASAngleListView.swift in Sources */ = {isa = PBXBuildFile; fileRef = EFF3B381206B94FD00CCB03A /* CASAngleListView.swift */; };
		EFF3B38A206B980800CCB03A /* CASButton.swift in Sources */ = {isa = PBXBuildFile; fileRef = EFF3B389206B980800CCB03A /* CASButton.swift */; };
		FD85B132F46A67A830437C7A /* Pods_CASControls.framework in Frameworks */ = {isa = PBXBuildFile; fileRef = E502E4955C825880693BEE6F /* Pods_CASControls.framework */; };
/* End PBXBuildFile section */

/* Begin PBXContainerItemProxy section */
		EFF3B364206B94E300CCB03A /* PBXContainerItemProxy */ = {
			isa = PBXContainerItemProxy;
			containerPortal = EFF3B347206B94E300CCB03A /* Project object */;
			proxyType = 1;
			remoteGlobalIDString = EFF3B34E206B94E300CCB03A;
			remoteInfo = CASControls;
		};
		EFF3B36F206B94E300CCB03A /* PBXContainerItemProxy */ = {
			isa = PBXContainerItemProxy;
			containerPortal = EFF3B347206B94E300CCB03A /* Project object */;
			proxyType = 1;
			remoteGlobalIDString = EFF3B34E206B94E300CCB03A;
			remoteInfo = CASControls;
		};
/* End PBXContainerItemProxy section */

/* Begin PBXCopyFilesBuildPhase section */
		EFF3B388206B952400CCB03A /* Embed Frameworks */ = {
			isa = PBXCopyFilesBuildPhase;
			buildActionMask = 2147483647;
			dstPath = "";
			dstSubfolderSpec = 10;
			files = (
			);
			name = "Embed Frameworks";
			runOnlyForDeploymentPostprocessing = 0;
		};
/* End PBXCopyFilesBuildPhase section */

/* Begin PBXFileReference section */
		058EA5CDBE2FE459451C880F /* Pods-CASControls.release.xcconfig */ = {isa = PBXFileReference; includeInIndex = 1; lastKnownFileType = text.xcconfig; name = "Pods-CASControls.release.xcconfig"; path = "Pods/Target Support Files/Pods-CASControls/Pods-CASControls.release.xcconfig"; sourceTree = "<group>"; };
		08B3BF78E0F4CD3EBC73575B /* Pods-CASControlsTests.debug.xcconfig */ = {isa = PBXFileReference; includeInIndex = 1; lastKnownFileType = text.xcconfig; name = "Pods-CASControlsTests.debug.xcconfig"; path = "Pods/Target Support Files/Pods-CASControlsTests/Pods-CASControlsTests.debug.xcconfig"; sourceTree = "<group>"; };
		1789E8FD2F5828AB9F32D76F /* Pods-CASControlsUITests.release.xcconfig */ = {isa = PBXFileReference; includeInIndex = 1; lastKnownFileType = text.xcconfig; name = "Pods-CASControlsUITests.release.xcconfig"; path = "Pods/Target Support Files/Pods-CASControlsUITests/Pods-CASControlsUITests.release.xcconfig"; sourceTree = "<group>"; };
		697601D9CF1BAE69DA8FC098 /* Pods-CASControls.debug.xcconfig */ = {isa = PBXFileReference; includeInIndex = 1; lastKnownFileType = text.xcconfig; name = "Pods-CASControls.debug.xcconfig"; path = "Pods/Target Support Files/Pods-CASControls/Pods-CASControls.debug.xcconfig"; sourceTree = "<group>"; };
		C7E783D9571334B9DDAC67A7 /* Pods-CASControlsUITests.debug.xcconfig */ = {isa = PBXFileReference; includeInIndex = 1; lastKnownFileType = text.xcconfig; name = "Pods-CASControlsUITests.debug.xcconfig"; path = "Pods/Target Support Files/Pods-CASControlsUITests/Pods-CASControlsUITests.debug.xcconfig"; sourceTree = "<group>"; };
		CF7681CAF88714A8B30DE8D9 /* Pods_CASControlsUITests.framework */ = {isa = PBXFileReference; explicitFileType = wrapper.framework; includeInIndex = 0; path = Pods_CASControlsUITests.framework; sourceTree = BUILT_PRODUCTS_DIR; };
		E502E4955C825880693BEE6F /* Pods_CASControls.framework */ = {isa = PBXFileReference; explicitFileType = wrapper.framework; includeInIndex = 0; path = Pods_CASControls.framework; sourceTree = BUILT_PRODUCTS_DIR; };
		ECECFDA085DDA19D5454790D /* Pods_CASControlsTests.framework */ = {isa = PBXFileReference; explicitFileType = wrapper.framework; includeInIndex = 0; path = Pods_CASControlsTests.framework; sourceTree = BUILT_PRODUCTS_DIR; };
		EF8CB363206F60600015CFB8 /* CASCheckBoxListView.swift */ = {isa = PBXFileReference; lastKnownFileType = sourcecode.swift; path = CASCheckBoxListView.swift; sourceTree = "<group>"; };
		EF8CB365207107B80015CFB8 /* CASCommon.swift */ = {isa = PBXFileReference; lastKnownFileType = sourcecode.swift; path = CASCommon.swift; sourceTree = "<group>"; };
		EFF3B34F206B94E300CCB03A /* CASControls.app */ = {isa = PBXFileReference; explicitFileType = wrapper.application; includeInIndex = 0; path = CASControls.app; sourceTree = BUILT_PRODUCTS_DIR; };
		EFF3B352206B94E300CCB03A /* AppDelegate.swift */ = {isa = PBXFileReference; lastKnownFileType = sourcecode.swift; path = AppDelegate.swift; sourceTree = "<group>"; };
		EFF3B354206B94E300CCB03A /* ViewController.swift */ = {isa = PBXFileReference; lastKnownFileType = sourcecode.swift; path = ViewController.swift; sourceTree = "<group>"; };
		EFF3B357206B94E300CCB03A /* Base */ = {isa = PBXFileReference; lastKnownFileType = file.storyboard; name = Base; path = Base.lproj/Main.storyboard; sourceTree = "<group>"; };
		EFF3B359206B94E300CCB03A /* Assets.xcassets */ = {isa = PBXFileReference; lastKnownFileType = folder.assetcatalog; path = Assets.xcassets; sourceTree = "<group>"; };
		EFF3B35C206B94E300CCB03A /* Base */ = {isa = PBXFileReference; lastKnownFileType = file.storyboard; name = Base; path = Base.lproj/LaunchScreen.storyboard; sourceTree = "<group>"; };
		EFF3B35E206B94E300CCB03A /* Info.plist */ = {isa = PBXFileReference; lastKnownFileType = text.plist.xml; path = Info.plist; sourceTree = "<group>"; };
		EFF3B363206B94E300CCB03A /* CASControlsTests.xctest */ = {isa = PBXFileReference; explicitFileType = wrapper.cfbundle; includeInIndex = 0; path = CASControlsTests.xctest; sourceTree = BUILT_PRODUCTS_DIR; };
		EFF3B367206B94E300CCB03A /* CASControlsTests.swift */ = {isa = PBXFileReference; lastKnownFileType = sourcecode.swift; path = CASControlsTests.swift; sourceTree = "<group>"; };
		EFF3B369206B94E300CCB03A /* Info.plist */ = {isa = PBXFileReference; lastKnownFileType = text.plist.xml; path = Info.plist; sourceTree = "<group>"; };
		EFF3B36E206B94E300CCB03A /* CASControlsUITests.xctest */ = {isa = PBXFileReference; explicitFileType = wrapper.cfbundle; includeInIndex = 0; path = CASControlsUITests.xctest; sourceTree = BUILT_PRODUCTS_DIR; };
		EFF3B372206B94E300CCB03A /* CASControlsUITests.swift */ = {isa = PBXFileReference; lastKnownFileType = sourcecode.swift; path = CASControlsUITests.swift; sourceTree = "<group>"; };
		EFF3B374206B94E300CCB03A /* Info.plist */ = {isa = PBXFileReference; lastKnownFileType = text.plist.xml; path = Info.plist; sourceTree = "<group>"; };
		EFF3B380206B94FC00CCB03A /* CASMenuListView.swift */ = {isa = PBXFileReference; fileEncoding = 4; lastKnownFileType = sourcecode.swift; path = CASMenuListView.swift; sourceTree = "<group>"; };
		EFF3B381206B94FD00CCB03A /* CASAngleListView.swift */ = {isa = PBXFileReference; fileEncoding = 4; lastKnownFileType = sourcecode.swift; path = CASAngleListView.swift; sourceTree = "<group>"; };
		EFF3B389206B980800CCB03A /* CASButton.swift */ = {isa = PBXFileReference; fileEncoding = 4; lastKnownFileType = sourcecode.swift; path = CASButton.swift; sourceTree = "<group>"; };
		FFF85CC9A8E093D8292C5688 /* Pods-CASControlsTests.release.xcconfig */ = {isa = PBXFileReference; includeInIndex = 1; lastKnownFileType = text.xcconfig; name = "Pods-CASControlsTests.release.xcconfig"; path = "Pods/Target Support Files/Pods-CASControlsTests/Pods-CASControlsTests.release.xcconfig"; sourceTree = "<group>"; };
/* End PBXFileReference section */

/* Begin PBXFrameworksBuildPhase section */
		EFF3B34C206B94E300CCB03A /* Frameworks */ = {
			isa = PBXFrameworksBuildPhase;
			buildActionMask = 2147483647;
			files = (
				FD85B132F46A67A830437C7A /* Pods_CASControls.framework in Frameworks */,
			);
			runOnlyForDeploymentPostprocessing = 0;
		};
		EFF3B360206B94E300CCB03A /* Frameworks */ = {
			isa = PBXFrameworksBuildPhase;
			buildActionMask = 2147483647;
			files = (
				573EC93E1BD4F508B2CEE964 /* Pods_CASControlsTests.framework in Frameworks */,
			);
			runOnlyForDeploymentPostprocessing = 0;
		};
		EFF3B36B206B94E300CCB03A /* Frameworks */ = {
			isa = PBXFrameworksBuildPhase;
			buildActionMask = 2147483647;
			files = (
				921FBC3C7DF9DA3485F30F80 /* Pods_CASControlsUITests.framework in Frameworks */,
			);
			runOnlyForDeploymentPostprocessing = 0;
		};
/* End PBXFrameworksBuildPhase section */

/* Begin PBXGroup section */
		1589EE82EF0967D482A7BC85 /* Frameworks */ = {
			isa = PBXGroup;
			children = (
				E502E4955C825880693BEE6F /* Pods_CASControls.framework */,
				ECECFDA085DDA19D5454790D /* Pods_CASControlsTests.framework */,
				CF7681CAF88714A8B30DE8D9 /* Pods_CASControlsUITests.framework */,
			);
			name = Frameworks;
			sourceTree = "<group>";
		};
		2B1E44F367B27D04C8FAC85E /* Pods */ = {
			isa = PBXGroup;
			children = (
				697601D9CF1BAE69DA8FC098 /* Pods-CASControls.debug.xcconfig */,
				058EA5CDBE2FE459451C880F /* Pods-CASControls.release.xcconfig */,
				08B3BF78E0F4CD3EBC73575B /* Pods-CASControlsTests.debug.xcconfig */,
				FFF85CC9A8E093D8292C5688 /* Pods-CASControlsTests.release.xcconfig */,
				C7E783D9571334B9DDAC67A7 /* Pods-CASControlsUITests.debug.xcconfig */,
				1789E8FD2F5828AB9F32D76F /* Pods-CASControlsUITests.release.xcconfig */,
			);
			name = Pods;
			sourceTree = "<group>";
		};
		EFF3B346206B94E300CCB03A = {
			isa = PBXGroup;
			children = (
				EFF3B351206B94E300CCB03A /* CASControls */,
				EFF3B366206B94E300CCB03A /* CASControlsTests */,
				EFF3B371206B94E300CCB03A /* CASControlsUITests */,
				EFF3B350206B94E300CCB03A /* Products */,
				2B1E44F367B27D04C8FAC85E /* Pods */,
				1589EE82EF0967D482A7BC85 /* Frameworks */,
			);
			sourceTree = "<group>";
		};
		EFF3B350206B94E300CCB03A /* Products */ = {
			isa = PBXGroup;
			children = (
				EFF3B34F206B94E300CCB03A /* CASControls.app */,
				EFF3B363206B94E300CCB03A /* CASControlsTests.xctest */,
				EFF3B36E206B94E300CCB03A /* CASControlsUITests.xctest */,
			);
			name = Products;
			sourceTree = "<group>";
		};
		EFF3B351206B94E300CCB03A /* CASControls */ = {
			isa = PBXGroup;
			children = (
				EFF3B352206B94E300CCB03A /* AppDelegate.swift */,
				EFF3B354206B94E300CCB03A /* ViewController.swift */,
				EF8CB365207107B80015CFB8 /* CASCommon.swift */,
				EFF3B381206B94FD00CCB03A /* CASAngleListView.swift */,
				EFF3B380206B94FC00CCB03A /* CASMenuListView.swift */,
				EFF3B389206B980800CCB03A /* CASButton.swift */,
				EF8CB363206F60600015CFB8 /* CASCheckBoxListView.swift */,
				EFF3B356206B94E300CCB03A /* Main.storyboard */,
				EFF3B359206B94E300CCB03A /* Assets.xcassets */,
				EFF3B35B206B94E300CCB03A /* LaunchScreen.storyboard */,
				EFF3B35E206B94E300CCB03A /* Info.plist */,
			);
			path = CASControls;
			sourceTree = "<group>";
		};
		EFF3B366206B94E300CCB03A /* CASControlsTests */ = {
			isa = PBXGroup;
			children = (
				EFF3B367206B94E300CCB03A /* CASControlsTests.swift */,
				EFF3B369206B94E300CCB03A /* Info.plist */,
			);
			path = CASControlsTests;
			sourceTree = "<group>";
		};
		EFF3B371206B94E300CCB03A /* CASControlsUITests */ = {
			isa = PBXGroup;
			children = (
				EFF3B372206B94E300CCB03A /* CASControlsUITests.swift */,
				EFF3B374206B94E300CCB03A /* Info.plist */,
			);
			path = CASControlsUITests;
			sourceTree = "<group>";
		};
/* End PBXGroup section */

/* Begin PBXNativeTarget section */
		EFF3B34E206B94E300CCB03A /* CASControls */ = {
			isa = PBXNativeTarget;
			buildConfigurationList = EFF3B377206B94E300CCB03A /* Build configuration list for PBXNativeTarget "CASControls" */;
			buildPhases = (
				F5EEA7D8F90FE4D2BD055609 /* [CP] Check Pods Manifest.lock */,
				EFF3B34B206B94E300CCB03A /* Sources */,
				EFF3B34C206B94E300CCB03A /* Frameworks */,
				EFF3B34D206B94E300CCB03A /* Resources */,
				EFF3B388206B952400CCB03A /* Embed Frameworks */,
				A6D60011C2F9064224DDA232 /* [CP] Embed Pods Frameworks */,
				396789FDD4E5C77FE09BA931 /* [CP] Copy Pods Resources */,
			);
			buildRules = (
			);
			dependencies = (
			);
			name = CASControls;
			productName = CASControls;
			productReference = EFF3B34F206B94E300CCB03A /* CASControls.app */;
			productType = "com.apple.product-type.application";
		};
		EFF3B362206B94E300CCB03A /* CASControlsTests */ = {
			isa = PBXNativeTarget;
			buildConfigurationList = EFF3B37A206B94E300CCB03A /* Build configuration list for PBXNativeTarget "CASControlsTests" */;
			buildPhases = (
				05DE9BF64EDB8AFC55A52A6E /* [CP] Check Pods Manifest.lock */,
				EFF3B35F206B94E300CCB03A /* Sources */,
				EFF3B360206B94E300CCB03A /* Frameworks */,
				EFF3B361206B94E300CCB03A /* Resources */,
				FE1EE2AF06570D5AF16FB790 /* [CP] Embed Pods Frameworks */,
				B8E747DF86BC5715875E6602 /* [CP] Copy Pods Resources */,
			);
			buildRules = (
			);
			dependencies = (
				EFF3B365206B94E300CCB03A /* PBXTargetDependency */,
			);
			name = CASControlsTests;
			productName = CASControlsTests;
			productReference = EFF3B363206B94E300CCB03A /* CASControlsTests.xctest */;
			productType = "com.apple.product-type.bundle.unit-test";
		};
		EFF3B36D206B94E300CCB03A /* CASControlsUITests */ = {
			isa = PBXNativeTarget;
			buildConfigurationList = EFF3B37D206B94E300CCB03A /* Build configuration list for PBXNativeTarget "CASControlsUITests" */;
			buildPhases = (
				107424D573C3F90B78944BBB /* [CP] Check Pods Manifest.lock */,
				EFF3B36A206B94E300CCB03A /* Sources */,
				EFF3B36B206B94E300CCB03A /* Frameworks */,
				EFF3B36C206B94E300CCB03A /* Resources */,
				1A244A4529B2024BF2CCA24C /* [CP] Embed Pods Frameworks */,
				250DDB30CEF5957EC87DFF46 /* [CP] Copy Pods Resources */,
			);
			buildRules = (
			);
			dependencies = (
				EFF3B370206B94E300CCB03A /* PBXTargetDependency */,
			);
			name = CASControlsUITests;
			productName = CASControlsUITests;
			productReference = EFF3B36E206B94E300CCB03A /* CASControlsUITests.xctest */;
			productType = "com.apple.product-type.bundle.ui-testing";
		};
/* End PBXNativeTarget section */

/* Begin PBXProject section */
		EFF3B347206B94E300CCB03A /* Project object */ = {
			isa = PBXProject;
			attributes = {
				LastSwiftUpdateCheck = 0920;
				LastUpgradeCheck = 0920;
				ORGANIZATIONNAME = Caspar;
				TargetAttributes = {
					EFF3B34E206B94E300CCB03A = {
						CreatedOnToolsVersion = 9.2;
						ProvisioningStyle = Automatic;
					};
					EFF3B362206B94E300CCB03A = {
						CreatedOnToolsVersion = 9.2;
						ProvisioningStyle = Automatic;
						TestTargetID = EFF3B34E206B94E300CCB03A;
					};
					EFF3B36D206B94E300CCB03A = {
						CreatedOnToolsVersion = 9.2;
						ProvisioningStyle = Automatic;
						TestTargetID = EFF3B34E206B94E300CCB03A;
					};
				};
			};
			buildConfigurationList = EFF3B34A206B94E300CCB03A /* Build configuration list for PBXProject "CASControls" */;
			compatibilityVersion = "Xcode 8.0";
			developmentRegion = en;
			hasScannedForEncodings = 0;
			knownRegions = (
				en,
				Base,
			);
			mainGroup = EFF3B346206B94E300CCB03A;
			productRefGroup = EFF3B350206B94E300CCB03A /* Products */;
			projectDirPath = "";
			projectRoot = "";
			targets = (
				EFF3B34E206B94E300CCB03A /* CASControls */,
				EFF3B362206B94E300CCB03A /* CASControlsTests */,
				EFF3B36D206B94E300CCB03A /* CASControlsUITests */,
			);
		};
/* End PBXProject section */

/* Begin PBXResourcesBuildPhase section */
		EFF3B34D206B94E300CCB03A /* Resources */ = {
			isa = PBXResourcesBuildPhase;
			buildActionMask = 2147483647;
			files = (
				EFF3B35D206B94E300CCB03A /* LaunchScreen.storyboard in Resources */,
				EFF3B35A206B94E300CCB03A /* Assets.xcassets in Resources */,
				EFF3B358206B94E300CCB03A /* Main.storyboard in Resources */,
			);
			runOnlyForDeploymentPostprocessing = 0;
		};
		EFF3B361206B94E300CCB03A /* Resources */ = {
			isa = PBXResourcesBuildPhase;
			buildActionMask = 2147483647;
			files = (
			);
			runOnlyForDeploymentPostprocessing = 0;
		};
		EFF3B36C206B94E300CCB03A /* Resources */ = {
			isa = PBXResourcesBuildPhase;
			buildActionMask = 2147483647;
			files = (
			);
			runOnlyForDeploymentPostprocessing = 0;
		};
/* End PBXResourcesBuildPhase section */

/* Begin PBXShellScriptBuildPhase section */
		05DE9BF64EDB8AFC55A52A6E /* [CP] Check Pods Manifest.lock */ = {
			isa = PBXShellScriptBuildPhase;
			buildActionMask = 2147483647;
			files = (
			);
			inputPaths = (
				"${PODS_PODFILE_DIR_PATH}/Podfile.lock",
				"${PODS_ROOT}/Manifest.lock",
			);
			name = "[CP] Check Pods Manifest.lock";
			outputPaths = (
				"$(DERIVED_FILE_DIR)/Pods-CASControlsTests-checkManifestLockResult.txt",
			);
			runOnlyForDeploymentPostprocessing = 0;
			shellPath = /bin/sh;
			shellScript = "diff \"${PODS_PODFILE_DIR_PATH}/Podfile.lock\" \"${PODS_ROOT}/Manifest.lock\" > /dev/null\nif [ $? != 0 ] ; then\n    # print error to STDERR\n    echo \"error: The sandbox is not in sync with the Podfile.lock. Run 'pod install' or update your CocoaPods installation.\" >&2\n    exit 1\nfi\n# This output is used by Xcode 'outputs' to avoid re-running this script phase.\necho \"SUCCESS\" > \"${SCRIPT_OUTPUT_FILE_0}\"\n";
			showEnvVarsInLog = 0;
		};
		107424D573C3F90B78944BBB /* [CP] Check Pods Manifest.lock */ = {
			isa = PBXShellScriptBuildPhase;
			buildActionMask = 2147483647;
			files = (
			);
			inputPaths = (
				"${PODS_PODFILE_DIR_PATH}/Podfile.lock",
				"${PODS_ROOT}/Manifest.lock",
			);
			name = "[CP] Check Pods Manifest.lock";
			outputPaths = (
				"$(DERIVED_FILE_DIR)/Pods-CASControlsUITests-checkManifestLockResult.txt",
			);
			runOnlyForDeploymentPostprocessing = 0;
			shellPath = /bin/sh;
			shellScript = "diff \"${PODS_PODFILE_DIR_PATH}/Podfile.lock\" \"${PODS_ROOT}/Manifest.lock\" > /dev/null\nif [ $? != 0 ] ; then\n    # print error to STDERR\n    echo \"error: The sandbox is not in sync with the Podfile.lock. Run 'pod install' or update your CocoaPods installation.\" >&2\n    exit 1\nfi\n# This output is used by Xcode 'outputs' to avoid re-running this script phase.\necho \"SUCCESS\" > \"${SCRIPT_OUTPUT_FILE_0}\"\n";
			showEnvVarsInLog = 0;
		};
		1A244A4529B2024BF2CCA24C /* [CP] Embed Pods Frameworks */ = {
			isa = PBXShellScriptBuildPhase;
			buildActionMask = 2147483647;
			files = (
			);
			inputPaths = (
			);
			name = "[CP] Embed Pods Frameworks";
			outputPaths = (
			);
			runOnlyForDeploymentPostprocessing = 0;
			shellPath = /bin/sh;
			shellScript = "\"${SRCROOT}/Pods/Target Support Files/Pods-CASControlsUITests/Pods-CASControlsUITests-frameworks.sh\"\n";
			showEnvVarsInLog = 0;
		};
		250DDB30CEF5957EC87DFF46 /* [CP] Copy Pods Resources */ = {
			isa = PBXShellScriptBuildPhase;
			buildActionMask = 2147483647;
			files = (
			);
			inputPaths = (
			);
			name = "[CP] Copy Pods Resources";
			outputPaths = (
			);
			runOnlyForDeploymentPostprocessing = 0;
			shellPath = /bin/sh;
			shellScript = "\"${SRCROOT}/Pods/Target Support Files/Pods-CASControlsUITests/Pods-CASControlsUITests-resources.sh\"\n";
			showEnvVarsInLog = 0;
		};
		396789FDD4E5C77FE09BA931 /* [CP] Copy Pods Resources */ = {
			isa = PBXShellScriptBuildPhase;
			buildActionMask = 2147483647;
			files = (
			);
			inputPaths = (
			);
			name = "[CP] Copy Pods Resources";
			outputPaths = (
			);
			runOnlyForDeploymentPostprocessing = 0;
			shellPath = /bin/sh;
			shellScript = "\"${SRCROOT}/Pods/Target Support Files/Pods-CASControls/Pods-CASControls-resources.sh\"\n";
			showEnvVarsInLog = 0;
		};
		A6D60011C2F9064224DDA232 /* [CP] Embed Pods Frameworks */ = {
			isa = PBXShellScriptBuildPhase;
			buildActionMask = 2147483647;
			files = (
			);
			inputPaths = (
				"${SRCROOT}/Pods/Target Support Files/Pods-CASControls/Pods-CASControls-frameworks.sh",
				"${BUILT_PRODUCTS_DIR}/SnapKit/SnapKit.framework",
				"${BUILT_PRODUCTS_DIR}/TTTAttributedLabel/TTTAttributedLabel.framework",
				"${BUILT_PRODUCTS_DIR}/YYKit/YYKit.framework",
			);
			name = "[CP] Embed Pods Frameworks";
			outputPaths = (
				"${TARGET_BUILD_DIR}/${FRAMEWORKS_FOLDER_PATH}/SnapKit.framework",
				"${TARGET_BUILD_DIR}/${FRAMEWORKS_FOLDER_PATH}/TTTAttributedLabel.framework",
				"${TARGET_BUILD_DIR}/${FRAMEWORKS_FOLDER_PATH}/YYKit.framework",
			);
			runOnlyForDeploymentPostprocessing = 0;
			shellPath = /bin/sh;
			shellScript = "\"${SRCROOT}/Pods/Target Support Files/Pods-CASControls/Pods-CASControls-frameworks.sh\"\n";
			showEnvVarsInLog = 0;
		};
		B8E747DF86BC5715875E6602 /* [CP] Copy Pods Resources */ = {
			isa = PBXShellScriptBuildPhase;
			buildActionMask = 2147483647;
			files = (
			);
			inputPaths = (
			);
			name = "[CP] Copy Pods Resources";
			outputPaths = (
			);
			runOnlyForDeploymentPostprocessing = 0;
			shellPath = /bin/sh;
			shellScript = "\"${SRCROOT}/Pods/Target Support Files/Pods-CASControlsTests/Pods-CASControlsTests-resources.sh\"\n";
			showEnvVarsInLog = 0;
		};
		F5EEA7D8F90FE4D2BD055609 /* [CP] Check Pods Manifest.lock */ = {
			isa = PBXShellScriptBuildPhase;
			buildActionMask = 2147483647;
			files = (
			);
			inputPaths = (
				"${PODS_PODFILE_DIR_PATH}/Podfile.lock",
				"${PODS_ROOT}/Manifest.lock",
			);
			name = "[CP] Check Pods Manifest.lock";
			outputPaths = (
				"$(DERIVED_FILE_DIR)/Pods-CASControls-checkManifestLockResult.txt",
			);
			runOnlyForDeploymentPostprocessing = 0;
			shellPath = /bin/sh;
			shellScript = "diff \"${PODS_PODFILE_DIR_PATH}/Podfile.lock\" \"${PODS_ROOT}/Manifest.lock\" > /dev/null\nif [ $? != 0 ] ; then\n    # print error to STDERR\n    echo \"error: The sandbox is not in sync with the Podfile.lock. Run 'pod install' or update your CocoaPods installation.\" >&2\n    exit 1\nfi\n# This output is used by Xcode 'outputs' to avoid re-running this script phase.\necho \"SUCCESS\" > \"${SCRIPT_OUTPUT_FILE_0}\"\n";
			showEnvVarsInLog = 0;
		};
		FE1EE2AF06570D5AF16FB790 /* [CP] Embed Pods Frameworks */ = {
			isa = PBXShellScriptBuildPhase;
			buildActionMask = 2147483647;
			files = (
			);
			inputPaths = (
			);
			name = "[CP] Embed Pods Frameworks";
			outputPaths = (
			);
			runOnlyForDeploymentPostprocessing = 0;
			shellPath = /bin/sh;
			shellScript = "\"${SRCROOT}/Pods/Target Support Files/Pods-CASControlsTests/Pods-CASControlsTests-frameworks.sh\"\n";
			showEnvVarsInLog = 0;
		};
/* End PBXShellScriptBuildPhase section */

/* Begin PBXSourcesBuildPhase section */
		EFF3B34B206B94E300CCB03A /* Sources */ = {
			isa = PBXSourcesBuildPhase;
			buildActionMask = 2147483647;
			files = (
				EFF3B382206B94FD00CCB03A /* CASMenuListView.swift in Sources */,
				EF8CB364206F60600015CFB8 /* CASCheckBoxListView.swift in Sources */,
				EFF3B355206B94E300CCB03A /* ViewController.swift in Sources */,
				EFF3B383206B94FD00CCB03A /* CASAngleListView.swift in Sources */,
				EFF3B353206B94E300CCB03A /* AppDelegate.swift in Sources */,
				EFF3B38A206B980800CCB03A /* CASButton.swift in Sources */,
				EF8CB366207107B80015CFB8 /* CASCommon.swift in Sources */,
			);
			runOnlyForDeploymentPostprocessing = 0;
		};
		EFF3B35F206B94E300CCB03A /* Sources */ = {
			isa = PBXSourcesBuildPhase;
			buildActionMask = 2147483647;
			files = (
				EFF3B368206B94E300CCB03A /* CASControlsTests.swift in Sources */,
			);
			runOnlyForDeploymentPostprocessing = 0;
		};
		EFF3B36A206B94E300CCB03A /* Sources */ = {
			isa = PBXSourcesBuildPhase;
			buildActionMask = 2147483647;
			files = (
				EFF3B373206B94E300CCB03A /* CASControlsUITests.swift in Sources */,
			);
			runOnlyForDeploymentPostprocessing = 0;
		};
/* End PBXSourcesBuildPhase section */

/* Begin PBXTargetDependency section */
		EFF3B365206B94E300CCB03A /* PBXTargetDependency */ = {
			isa = PBXTargetDependency;
			target = EFF3B34E206B94E300CCB03A /* CASControls */;
			targetProxy = EFF3B364206B94E300CCB03A /* PBXContainerItemProxy */;
		};
		EFF3B370206B94E300CCB03A /* PBXTargetDependency */ = {
			isa = PBXTargetDependency;
			target = EFF3B34E206B94E300CCB03A /* CASControls */;
			targetProxy = EFF3B36F206B94E300CCB03A /* PBXContainerItemProxy */;
		};
/* End PBXTargetDependency section */

/* Begin PBXVariantGroup section */
		EFF3B356206B94E300CCB03A /* Main.storyboard */ = {
			isa = PBXVariantGroup;
			children = (
				EFF3B357206B94E300CCB03A /* Base */,
			);
			name = Main.storyboard;
			sourceTree = "<group>";
		};
		EFF3B35B206B94E300CCB03A /* LaunchScreen.storyboard */ = {
			isa = PBXVariantGroup;
			children = (
				EFF3B35C206B94E300CCB03A /* Base */,
			);
			name = LaunchScreen.storyboard;
			sourceTree = "<group>";
		};
/* End PBXVariantGroup section */

/* Begin XCBuildConfiguration section */
		EFF3B375206B94E300CCB03A /* Debug */ = {
			isa = XCBuildConfiguration;
			buildSettings = {
				ALWAYS_SEARCH_USER_PATHS = NO;
				CLANG_ANALYZER_NONNULL = YES;
				CLANG_ANALYZER_NUMBER_OBJECT_CONVERSION = YES_AGGRESSIVE;
				CLANG_CXX_LANGUAGE_STANDARD = "gnu++14";
				CLANG_CXX_LIBRARY = "libc++";
				CLANG_ENABLE_MODULES = YES;
				CLANG_ENABLE_OBJC_ARC = YES;
				CLANG_WARN_BLOCK_CAPTURE_AUTORELEASING = YES;
				CLANG_WARN_BOOL_CONVERSION = YES;
				CLANG_WARN_COMMA = YES;
				CLANG_WARN_CONSTANT_CONVERSION = YES;
				CLANG_WARN_DIRECT_OBJC_ISA_USAGE = YES_ERROR;
				CLANG_WARN_DOCUMENTATION_COMMENTS = YES;
				CLANG_WARN_EMPTY_BODY = YES;
				CLANG_WARN_ENUM_CONVERSION = YES;
				CLANG_WARN_INFINITE_RECURSION = YES;
				CLANG_WARN_INT_CONVERSION = YES;
				CLANG_WARN_NON_LITERAL_NULL_CONVERSION = YES;
				CLANG_WARN_OBJC_LITERAL_CONVERSION = YES;
				CLANG_WARN_OBJC_ROOT_CLASS = YES_ERROR;
				CLANG_WARN_RANGE_LOOP_ANALYSIS = YES;
				CLANG_WARN_STRICT_PROTOTYPES = YES;
				CLANG_WARN_SUSPICIOUS_MOVE = YES;
				CLANG_WARN_UNGUARDED_AVAILABILITY = YES_AGGRESSIVE;
				CLANG_WARN_UNREACHABLE_CODE = YES;
				CLANG_WARN__DUPLICATE_METHOD_MATCH = YES;
				CODE_SIGN_IDENTITY = "iPhone Developer";
				COPY_PHASE_STRIP = NO;
				DEBUG_INFORMATION_FORMAT = dwarf;
				ENABLE_STRICT_OBJC_MSGSEND = YES;
				ENABLE_TESTABILITY = YES;
				GCC_C_LANGUAGE_STANDARD = gnu11;
				GCC_DYNAMIC_NO_PIC = NO;
				GCC_NO_COMMON_BLOCKS = YES;
				GCC_OPTIMIZATION_LEVEL = 0;
				GCC_PREPROCESSOR_DEFINITIONS = (
					"DEBUG=1",
					"$(inherited)",
				);
				GCC_WARN_64_TO_32_BIT_CONVERSION = YES;
				GCC_WARN_ABOUT_RETURN_TYPE = YES_ERROR;
				GCC_WARN_UNDECLARED_SELECTOR = YES;
				GCC_WARN_UNINITIALIZED_AUTOS = YES_AGGRESSIVE;
				GCC_WARN_UNUSED_FUNCTION = YES;
				GCC_WARN_UNUSED_VARIABLE = YES;
				IPHONEOS_DEPLOYMENT_TARGET = 11.2;
				MTL_ENABLE_DEBUG_INFO = YES;
				ONLY_ACTIVE_ARCH = YES;
				SDKROOT = iphoneos;
				SWIFT_ACTIVE_COMPILATION_CONDITIONS = DEBUG;
				SWIFT_OPTIMIZATION_LEVEL = "-Onone";
			};
			name = Debug;
		};
		EFF3B376206B94E300CCB03A /* Release */ = {
			isa = XCBuildConfiguration;
			buildSettings = {
				ALWAYS_SEARCH_USER_PATHS = NO;
				CLANG_ANALYZER_NONNULL = YES;
				CLANG_ANALYZER_NUMBER_OBJECT_CONVERSION = YES_AGGRESSIVE;
				CLANG_CXX_LANGUAGE_STANDARD = "gnu++14";
				CLANG_CXX_LIBRARY = "libc++";
				CLANG_ENABLE_MODULES = YES;
				CLANG_ENABLE_OBJC_ARC = YES;
				CLANG_WARN_BLOCK_CAPTURE_AUTORELEASING = YES;
				CLANG_WARN_BOOL_CONVERSION = YES;
				CLANG_WARN_COMMA = YES;
				CLANG_WARN_CONSTANT_CONVERSION = YES;
				CLANG_WARN_DIRECT_OBJC_ISA_USAGE = YES_ERROR;
				CLANG_WARN_DOCUMENTATION_COMMENTS = YES;
				CLANG_WARN_EMPTY_BODY = YES;
				CLANG_WARN_ENUM_CONVERSION = YES;
				CLANG_WARN_INFINITE_RECURSION = YES;
				CLANG_WARN_INT_CONVERSION = YES;
				CLANG_WARN_NON_LITERAL_NULL_CONVERSION = YES;
				CLANG_WARN_OBJC_LITERAL_CONVERSION = YES;
				CLANG_WARN_OBJC_ROOT_CLASS = YES_ERROR;
				CLANG_WARN_RANGE_LOOP_ANALYSIS = YES;
				CLANG_WARN_STRICT_PROTOTYPES = YES;
				CLANG_WARN_SUSPICIOUS_MOVE = YES;
				CLANG_WARN_UNGUARDED_AVAILABILITY = YES_AGGRESSIVE;
				CLANG_WARN_UNREACHABLE_CODE = YES;
				CLANG_WARN__DUPLICATE_METHOD_MATCH = YES;
				CODE_SIGN_IDENTITY = "iPhone Developer";
				COPY_PHASE_STRIP = NO;
				DEBUG_INFORMATION_FORMAT = "dwarf-with-dsym";
				ENABLE_NS_ASSERTIONS = NO;
				ENABLE_STRICT_OBJC_MSGSEND = YES;
				GCC_C_LANGUAGE_STANDARD = gnu11;
				GCC_NO_COMMON_BLOCKS = YES;
				GCC_WARN_64_TO_32_BIT_CONVERSION = YES;
				GCC_WARN_ABOUT_RETURN_TYPE = YES_ERROR;
				GCC_WARN_UNDECLARED_SELECTOR = YES;
				GCC_WARN_UNINITIALIZED_AUTOS = YES_AGGRESSIVE;
				GCC_WARN_UNUSED_FUNCTION = YES;
				GCC_WARN_UNUSED_VARIABLE = YES;
				IPHONEOS_DEPLOYMENT_TARGET = 11.2;
				MTL_ENABLE_DEBUG_INFO = NO;
				SDKROOT = iphoneos;
				SWIFT_OPTIMIZATION_LEVEL = "-Owholemodule";
				VALIDATE_PRODUCT = YES;
			};
			name = Release;
		};
		EFF3B378206B94E300CCB03A /* Debug */ = {
			isa = XCBuildConfiguration;
			baseConfigurationReference = 697601D9CF1BAE69DA8FC098 /* Pods-CASControls.debug.xcconfig */;
			buildSettings = {
				ASSETCATALOG_COMPILER_APPICON_NAME = AppIcon;
				CODE_SIGN_STYLE = Automatic;
				DEVELOPMENT_TEAM = UBX9CH9GDX;
				FRAMEWORK_SEARCH_PATHS = (
					"$(inherited)",
					"$(PROJECT_DIR)",
				);
				INFOPLIST_FILE = CASControls/Info.plist;
				IPHONEOS_DEPLOYMENT_TARGET = 9.0;
				LD_RUNPATH_SEARCH_PATHS = "$(inherited) @executable_path/Frameworks";
				PRODUCT_BUNDLE_IDENTIFIER = com.caspar.www.CASControls;
				PRODUCT_NAME = "$(TARGET_NAME)";
				SWIFT_VERSION = 4.0;
				TARGETED_DEVICE_FAMILY = "1,2";
			};
			name = Debug;
		};
		EFF3B379206B94E300CCB03A /* Release */ = {
			isa = XCBuildConfiguration;
			baseConfigurationReference = 058EA5CDBE2FE459451C880F /* Pods-CASControls.release.xcconfig */;
			buildSettings = {
				ASSETCATALOG_COMPILER_APPICON_NAME = AppIcon;
				CODE_SIGN_STYLE = Automatic;
				DEVELOPMENT_TEAM = UBX9CH9GDX;
				FRAMEWORK_SEARCH_PATHS = (
					"$(inherited)",
					"$(PROJECT_DIR)",
				);
				INFOPLIST_FILE = CASControls/Info.plist;
				IPHONEOS_DEPLOYMENT_TARGET = 9.0;
				LD_RUNPATH_SEARCH_PATHS = "$(inherited) @executable_path/Frameworks";
				PRODUCT_BUNDLE_IDENTIFIER = com.caspar.www.CASControls;
				PRODUCT_NAME = "$(TARGET_NAME)";
				SWIFT_VERSION = 4.0;
				TARGETED_DEVICE_FAMILY = "1,2";
			};
			name = Release;
		};
		EFF3B37B206B94E300CCB03A /* Debug */ = {
			isa = XCBuildConfiguration;
			baseConfigurationReference = 08B3BF78E0F4CD3EBC73575B /* Pods-CASControlsTests.debug.xcconfig */;
			buildSettings = {
				ALWAYS_EMBED_SWIFT_STANDARD_LIBRARIES = YES;
				BUNDLE_LOADER = "$(TEST_HOST)";
				CODE_SIGN_STYLE = Automatic;
				DEVELOPMENT_TEAM = UBX9CH9GDX;
				INFOPLIST_FILE = CASControlsTests/Info.plist;
				LD_RUNPATH_SEARCH_PATHS = "$(inherited) @executable_path/Frameworks @loader_path/Frameworks";
				PRODUCT_BUNDLE_IDENTIFIER = com.caspar.www.CASControlsTests;
				PRODUCT_NAME = "$(TARGET_NAME)";
				SWIFT_VERSION = 4.0;
				TARGETED_DEVICE_FAMILY = "1,2";
				TEST_HOST = "$(BUILT_PRODUCTS_DIR)/CASControls.app/CASControls";
			};
			name = Debug;
		};
		EFF3B37C206B94E300CCB03A /* Release */ = {
			isa = XCBuildConfiguration;
			baseConfigurationReference = FFF85CC9A8E093D8292C5688 /* Pods-CASControlsTests.release.xcconfig */;
			buildSettings = {
				ALWAYS_EMBED_SWIFT_STANDARD_LIBRARIES = YES;
				BUNDLE_LOADER = "$(TEST_HOST)";
				CODE_SIGN_STYLE = Automatic;
				DEVELOPMENT_TEAM = UBX9CH9GDX;
				INFOPLIST_FILE = CASControlsTests/Info.plist;
				LD_RUNPATH_SEARCH_PATHS = "$(inherited) @executable_path/Frameworks @loader_path/Frameworks";
				PRODUCT_BUNDLE_IDENTIFIER = com.caspar.www.CASControlsTests;
				PRODUCT_NAME = "$(TARGET_NAME)";
				SWIFT_VERSION = 4.0;
				TARGETED_DEVICE_FAMILY = "1,2";
				TEST_HOST = "$(BUILT_PRODUCTS_DIR)/CASControls.app/CASControls";
			};
			name = Release;
		};
		EFF3B37E206B94E300CCB03A /* Debug */ = {
			isa = XCBuildConfiguration;
			baseConfigurationReference = C7E783D9571334B9DDAC67A7 /* Pods-CASControlsUITests.debug.xcconfig */;
			buildSettings = {
				ALWAYS_EMBED_SWIFT_STANDARD_LIBRARIES = YES;
				CODE_SIGN_STYLE = Automatic;
				DEVELOPMENT_TEAM = UBX9CH9GDX;
				INFOPLIST_FILE = CASControlsUITests/Info.plist;
				LD_RUNPATH_SEARCH_PATHS = "$(inherited) @executable_path/Frameworks @loader_path/Frameworks";
				PRODUCT_BUNDLE_IDENTIFIER = com.caspar.www.CASControlsUITests;
				PRODUCT_NAME = "$(TARGET_NAME)";
				SWIFT_VERSION = 4.0;
				TARGETED_DEVICE_FAMILY = "1,2";
				TEST_TARGET_NAME = CASControls;
			};
			name = Debug;
		};
		EFF3B37F206B94E300CCB03A /* Release */ = {
			isa = XCBuildConfiguration;
			baseConfigurationReference = 1789E8FD2F5828AB9F32D76F /* Pods-CASControlsUITests.release.xcconfig */;
			buildSettings = {
				ALWAYS_EMBED_SWIFT_STANDARD_LIBRARIES = YES;
				CODE_SIGN_STYLE = Automatic;
				DEVELOPMENT_TEAM = UBX9CH9GDX;
				INFOPLIST_FILE = CASControlsUITests/Info.plist;
				LD_RUNPATH_SEARCH_PATHS = "$(inherited) @executable_path/Frameworks @loader_path/Frameworks";
				PRODUCT_BUNDLE_IDENTIFIER = com.caspar.www.CASControlsUITests;
				PRODUCT_NAME = "$(TARGET_NAME)";
				SWIFT_VERSION = 4.0;
				TARGETED_DEVICE_FAMILY = "1,2";
				TEST_TARGET_NAME = CASControls;
			};
			name = Release;
		};
/* End XCBuildConfiguration section */

/* Begin XCConfigurationList section */
		EFF3B34A206B94E300CCB03A /* Build configuration list for PBXProject "CASControls" */ = {
			isa = XCConfigurationList;
			buildConfigurations = (
				EFF3B375206B94E300CCB03A /* Debug */,
				EFF3B376206B94E300CCB03A /* Release */,
			);
			defaultConfigurationIsVisible = 0;
			defaultConfigurationName = Release;
		};
		EFF3B377206B94E300CCB03A /* Build configuration list for PBXNativeTarget "CASControls" */ = {
			isa = XCConfigurationList;
			buildConfigurations = (
				EFF3B378206B94E300CCB03A /* Debug */,
				EFF3B379206B94E300CCB03A /* Release */,
			);
			defaultConfigurationIsVisible = 0;
			defaultConfigurationName = Release;
		};
		EFF3B37A206B94E300CCB03A /* Build configuration list for PBXNativeTarget "CASControlsTests" */ = {
			isa = XCConfigurationList;
			buildConfigurations = (
				EFF3B37B206B94E300CCB03A /* Debug */,
				EFF3B37C206B94E300CCB03A /* Release */,
			);
			defaultConfigurationIsVisible = 0;
			defaultConfigurationName = Release;
		};
		EFF3B37D206B94E300CCB03A /* Build configuration list for PBXNativeTarget "CASControlsUITests" */ = {
			isa = XCConfigurationList;
			buildConfigurations = (
				EFF3B37E206B94E300CCB03A /* Debug */,
				EFF3B37F206B94E300CCB03A /* Release */,
			);
			defaultConfigurationIsVisible = 0;
			defaultConfigurationName = Release;
		};
/* End XCConfigurationList section */
	};
	rootObject = EFF3B347206B94E300CCB03A /* Project object */;
}
